
Microsoft Visual Studio Solution File, Format Version 12.00
# Visual Studio 15
VisualStudioVersion = 15.0.26711.1
MinimumVisualStudioVersion = 10.0.40219.1
Project("{F184B08F-C81C-45F6-A57F-5ABD9991F28F}") = "FastWin32", "FastWin32\FastWin32.vbproj", "{76D198F3-DA6F-4C5C-B722-4E9DA52AACF9}"
EndProject
Global
	GlobalSection(SolutionConfigurationPlatforms) = preSolution
		Debug|Any CPU = Debug|Any CPU
		Release|Any CPU = Release|Any CPU
	EndGlobalSection
	GlobalSection(ProjectConfigurationPlatforms) = postSolution
		{76D198F3-DA6F-4C5C-B722-4E9DA52AACF9}.Debug|Any CPU.ActiveCfg = Debug|Any CPU
		{76D198F3-DA6F-4C5C-B722-4E9DA52AACF9}.Debug|Any CPU.Build.0 = Debug|Any CPU
		{76D198F3-DA6F-4C5C-B722-4E9DA52AACF9}.Release|Any CPU.ActiveCfg = Release|Any CPU
		{76D198F3-DA6F-4C5C-B722-4E9DA52AACF9}.Release|Any CPU.Build.0 = Release|Any CPU
	EndGlobalSection
	GlobalSection(SolutionProperties) = preSolution
		HideSolutionNode = FALSE
	EndGlobalSection
	GlobalSection(ExtensibilityGlobals) = postSolution
		SolutionGuid = {5BFFC4A4-5C87-4B43-BF63-9121B8A0B30E}
	EndGlobalSection
EndGlobal
